
Microsoft Visual Studio Solution File, Format Version 12.00
# Visual Studio 14
VisualStudioVersion = 14.0.24720.0
MinimumVisualStudioVersion = 10.0.40219.1
Project("{F2A71F9B-5D33-465A-A702-920D77279786}") = "FsRaster", "src\FsRaster\FsRaster.fsproj", "{713B9713-18A1-4096-A0D2-B0718987DD0F}"
EndProject
Project("{2150E333-8FDC-42A3-9474-1A3956D46DE8}") = ".paket", ".paket", "{CF2FFC0A-7202-440C-A73E-62873F6C2758}"
	ProjectSection(SolutionItems) = preProject
		paket.dependencies = paket.dependencies
	EndProjectSection
EndProject
Project("{FAE04EC0-301F-11D3-BF4B-00C04F79EFBC}") = "FsRaster.UI.ColorPicker", "src\FsRaster.UI.ColorPicker\FsRaster.UI.ColorPicker.csproj", "{8D7ED1FF-3929-42D8-B2EC-02A7EB0EEBDB}"
EndProject
Project("{F2A71F9B-5D33-465A-A702-920D77279786}") = "FsRaster.UI", "src\FsRaster.UI\FsRaster.UI.fsproj", "{F9343901-F09C-4395-A331-B655D4C8E37E}"
EndProject
Project("{F2A71F9B-5D33-465A-A702-920D77279786}") = "FsRaster.D3", "src\FsRaster.D3\FsRaster.D3.fsproj", "{5820C0D5-5F6F-48C1-9916-C546081EE5D8}"
	ProjectSection(ProjectDependencies) = postProject
		{5855D5EB-CC80-418A-A4B8-B00190487234} = {5855D5EB-CC80-418A-A4B8-B00190487234}
	EndProjectSection
EndProject
Project("{F2A71F9B-5D33-465A-A702-920D77279786}") = "FsRaster.Base", "src\FsRaster.Base\FsRaster.Base.fsproj", "{768E7E60-CC19-45FF-B43F-338F6BA5BBC0}"
EndProject
Project("{8BC9CEB8-8B4A-11D0-8D11-00A0C91BC942}") = "FsRaster.Native", "src\FsRaster.Native\FsRaster.Native.vcxproj", "{5855D5EB-CC80-418A-A4B8-B00190487234}"
EndProject
Global
	GlobalSection(Performance) = preSolution
		HasPerformanceSessions = true
	EndGlobalSection
	GlobalSection(SolutionConfigurationPlatforms) = preSolution
		Debug|Any CPU = Debug|Any CPU
		Debug|x64 = Debug|x64
		Debug|x86 = Debug|x86
		ProfileRelease|Any CPU = ProfileRelease|Any CPU
		ProfileRelease|x64 = ProfileRelease|x64
		ProfileRelease|x86 = ProfileRelease|x86
		Release|Any CPU = Release|Any CPU
		Release|x64 = Release|x64
		Release|x86 = Release|x86
	EndGlobalSection
	GlobalSection(ProjectConfigurationPlatforms) = postSolution
		{713B9713-18A1-4096-A0D2-B0718987DD0F}.Debug|Any CPU.ActiveCfg = Debug|Any CPU
		{713B9713-18A1-4096-A0D2-B0718987DD0F}.Debug|Any CPU.Build.0 = Debug|Any CPU
		{713B9713-18A1-4096-A0D2-B0718987DD0F}.Debug|x64.ActiveCfg = Debug|Any CPU
		{713B9713-18A1-4096-A0D2-B0718987DD0F}.Debug|x64.Build.0 = Debug|Any CPU
		{713B9713-18A1-4096-A0D2-B0718987DD0F}.Debug|x86.ActiveCfg = Debug|Any CPU
		{713B9713-18A1-4096-A0D2-B0718987DD0F}.Debug|x86.Build.0 = Debug|Any CPU
		{713B9713-18A1-4096-A0D2-B0718987DD0F}.ProfileRelease|Any CPU.ActiveCfg = ProfileRelease|Any CPU
		{713B9713-18A1-4096-A0D2-B0718987DD0F}.ProfileRelease|Any CPU.Build.0 = ProfileRelease|Any CPU
		{713B9713-18A1-4096-A0D2-B0718987DD0F}.ProfileRelease|x64.ActiveCfg = ProfileRelease|Any CPU
		{713B9713-18A1-4096-A0D2-B0718987DD0F}.ProfileRelease|x64.Build.0 = ProfileRelease|Any CPU
		{713B9713-18A1-4096-A0D2-B0718987DD0F}.ProfileRelease|x86.ActiveCfg = ProfileRelease|Any CPU
		{713B9713-18A1-4096-A0D2-B0718987DD0F}.ProfileRelease|x86.Build.0 = ProfileRelease|Any CPU
		{713B9713-18A1-4096-A0D2-B0718987DD0F}.Release|Any CPU.ActiveCfg = Release|Any CPU
		{713B9713-18A1-4096-A0D2-B0718987DD0F}.Release|Any CPU.Build.0 = Release|Any CPU
		{713B9713-18A1-4096-A0D2-B0718987DD0F}.Release|x64.ActiveCfg = Release|Any CPU
		{713B9713-18A1-4096-A0D2-B0718987DD0F}.Release|x64.Build.0 = Release|Any CPU
		{713B9713-18A1-4096-A0D2-B0718987DD0F}.Release|x86.ActiveCfg = Release|Any CPU
		{713B9713-18A1-4096-A0D2-B0718987DD0F}.Release|x86.Build.0 = Release|Any CPU
		{8D7ED1FF-3929-42D8-B2EC-02A7EB0EEBDB}.Debug|Any CPU.ActiveCfg = Debug|Any CPU
		{8D7ED1FF-3929-42D8-B2EC-02A7EB0EEBDB}.Debug|Any CPU.Build.0 = Debug|Any CPU
		{8D7ED1FF-3929-42D8-B2EC-02A7EB0EEBDB}.Debug|x64.ActiveCfg = Debug|Any CPU
		{8D7ED1FF-3929-42D8-B2EC-02A7EB0EEBDB}.Debug|x64.Build.0 = Debug|Any CPU
		{8D7ED1FF-3929-42D8-B2EC-02A7EB0EEBDB}.Debug|x86.ActiveCfg = Debug|Any CPU
		{8D7ED1FF-3929-42D8-B2EC-02A7EB0EEBDB}.Debug|x86.Build.0 = Debug|Any CPU
		{8D7ED1FF-3929-42D8-B2EC-02A7EB0EEBDB}.ProfileRelease|Any CPU.ActiveCfg = ProfileRelease|Any CPU
		{8D7ED1FF-3929-42D8-B2EC-02A7EB0EEBDB}.ProfileRelease|Any CPU.Build.0 = ProfileRelease|Any CPU
		{8D7ED1FF-3929-42D8-B2EC-02A7EB0EEBDB}.ProfileRelease|x64.ActiveCfg = ProfileRelease|Any CPU
		{8D7ED1FF-3929-42D8-B2EC-02A7EB0EEBDB}.ProfileRelease|x64.Build.0 = ProfileRelease|Any CPU
		{8D7ED1FF-3929-42D8-B2EC-02A7EB0EEBDB}.ProfileRelease|x86.ActiveCfg = ProfileRelease|Any CPU
		{8D7ED1FF-3929-42D8-B2EC-02A7EB0EEBDB}.ProfileRelease|x86.Build.0 = ProfileRelease|Any CPU
		{8D7ED1FF-3929-42D8-B2EC-02A7EB0EEBDB}.Release|Any CPU.ActiveCfg = Release|Any CPU
		{8D7ED1FF-3929-42D8-B2EC-02A7EB0EEBDB}.Release|Any CPU.Build.0 = Release|Any CPU
		{8D7ED1FF-3929-42D8-B2EC-02A7EB0EEBDB}.Release|x64.ActiveCfg = Release|Any CPU
		{8D7ED1FF-3929-42D8-B2EC-02A7EB0EEBDB}.Release|x64.Build.0 = Release|Any CPU
		{8D7ED1FF-3929-42D8-B2EC-02A7EB0EEBDB}.Release|x86.ActiveCfg = Release|Any CPU
		{8D7ED1FF-3929-42D8-B2EC-02A7EB0EEBDB}.Release|x86.Build.0 = Release|Any CPU
		{F9343901-F09C-4395-A331-B655D4C8E37E}.Debug|Any CPU.ActiveCfg = Debug|Any CPU
		{F9343901-F09C-4395-A331-B655D4C8E37E}.Debug|Any CPU.Build.0 = Debug|Any CPU
		{F9343901-F09C-4395-A331-B655D4C8E37E}.Debug|x64.ActiveCfg = Debug|Any CPU
		{F9343901-F09C-4395-A331-B655D4C8E37E}.Debug|x64.Build.0 = Debug|Any CPU
		{F9343901-F09C-4395-A331-B655D4C8E37E}.Debug|x86.ActiveCfg = Debug|Any CPU
		{F9343901-F09C-4395-A331-B655D4C8E37E}.Debug|x86.Build.0 = Debug|Any CPU
		{F9343901-F09C-4395-A331-B655D4C8E37E}.ProfileRelease|Any CPU.ActiveCfg = ProfileRelease|Any CPU
		{F9343901-F09C-4395-A331-B655D4C8E37E}.ProfileRelease|Any CPU.Build.0 = ProfileRelease|Any CPU
		{F9343901-F09C-4395-A331-B655D4C8E37E}.ProfileRelease|x64.ActiveCfg = ProfileRelease|Any CPU
		{F9343901-F09C-4395-A331-B655D4C8E37E}.ProfileRelease|x64.Build.0 = ProfileRelease|Any CPU
		{F9343901-F09C-4395-A331-B655D4C8E37E}.ProfileRelease|x86.ActiveCfg = ProfileRelease|Any CPU
		{F9343901-F09C-4395-A331-B655D4C8E37E}.ProfileRelease|x86.Build.0 = ProfileRelease|Any CPU
		{F9343901-F09C-4395-A331-B655D4C8E37E}.Release|Any CPU.ActiveCfg = Release|Any CPU
		{F9343901-F09C-4395-A331-B655D4C8E37E}.Release|Any CPU.Build.0 = Release|Any CPU
		{F9343901-F09C-4395-A331-B655D4C8E37E}.Release|x64.ActiveCfg = Release|Any CPU
		{F9343901-F09C-4395-A331-B655D4C8E37E}.Release|x64.Build.0 = Release|Any CPU
		{F9343901-F09C-4395-A331-B655D4C8E37E}.Release|x86.ActiveCfg = Release|Any CPU
		{F9343901-F09C-4395-A331-B655D4C8E37E}.Release|x86.Build.0 = Release|Any CPU
		{5820C0D5-5F6F-48C1-9916-C546081EE5D8}.Debug|Any CPU.ActiveCfg = Debug|x86
		{5820C0D5-5F6F-48C1-9916-C546081EE5D8}.Debug|Any CPU.Build.0 = Debug|x86
		{5820C0D5-5F6F-48C1-9916-C546081EE5D8}.Debug|x64.ActiveCfg = Debug|x64
		{5820C0D5-5F6F-48C1-9916-C546081EE5D8}.Debug|x64.Build.0 = Debug|x64
		{5820C0D5-5F6F-48C1-9916-C546081EE5D8}.Debug|x86.ActiveCfg = Debug|x86
		{5820C0D5-5F6F-48C1-9916-C546081EE5D8}.Debug|x86.Build.0 = Debug|x86
		{5820C0D5-5F6F-48C1-9916-C546081EE5D8}.ProfileRelease|Any CPU.ActiveCfg = ProfileRelease|Any CPU
		{5820C0D5-5F6F-48C1-9916-C546081EE5D8}.ProfileRelease|Any CPU.Build.0 = ProfileRelease|Any CPU
		{5820C0D5-5F6F-48C1-9916-C546081EE5D8}.ProfileRelease|x64.ActiveCfg = ProfileRelease|x64
		{5820C0D5-5F6F-48C1-9916-C546081EE5D8}.ProfileRelease|x64.Build.0 = ProfileRelease|x64
		{5820C0D5-5F6F-48C1-9916-C546081EE5D8}.ProfileRelease|x86.ActiveCfg = ProfileRelease|Any CPU
		{5820C0D5-5F6F-48C1-9916-C546081EE5D8}.ProfileRelease|x86.Build.0 = ProfileRelease|Any CPU
		{5820C0D5-5F6F-48C1-9916-C546081EE5D8}.Release|Any CPU.ActiveCfg = Release|Any CPU
		{5820C0D5-5F6F-48C1-9916-C546081EE5D8}.Release|Any CPU.Build.0 = Release|Any CPU
		{5820C0D5-5F6F-48C1-9916-C546081EE5D8}.Release|x64.ActiveCfg = Release|x64
		{5820C0D5-5F6F-48C1-9916-C546081EE5D8}.Release|x64.Build.0 = Release|x64
		{5820C0D5-5F6F-48C1-9916-C546081EE5D8}.Release|x86.ActiveCfg = Release|Any CPU
		{5820C0D5-5F6F-48C1-9916-C546081EE5D8}.Release|x86.Build.0 = Release|Any CPU
		{768E7E60-CC19-45FF-B43F-338F6BA5BBC0}.Debug|Any CPU.ActiveCfg = Debug|Any CPU
		{768E7E60-CC19-45FF-B43F-338F6BA5BBC0}.Debug|Any CPU.Build.0 = Debug|Any CPU
		{768E7E60-CC19-45FF-B43F-338F6BA5BBC0}.Debug|x64.ActiveCfg = Debug|Any CPU
		{768E7E60-CC19-45FF-B43F-338F6BA5BBC0}.Debug|x64.Build.0 = Debug|Any CPU
		{768E7E60-CC19-45FF-B43F-338F6BA5BBC0}.Debug|x86.ActiveCfg = Debug|Any CPU
		{768E7E60-CC19-45FF-B43F-338F6BA5BBC0}.Debug|x86.Build.0 = Debug|Any CPU
		{768E7E60-CC19-45FF-B43F-338F6BA5BBC0}.ProfileRelease|Any CPU.ActiveCfg = Release|Any CPU
		{768E7E60-CC19-45FF-B43F-338F6BA5BBC0}.ProfileRelease|Any CPU.Build.0 = Release|Any CPU
		{768E7E60-CC19-45FF-B43F-338F6BA5BBC0}.ProfileRelease|x64.ActiveCfg = Release|Any CPU
		{768E7E60-CC19-45FF-B43F-338F6BA5BBC0}.ProfileRelease|x64.Build.0 = Release|Any CPU
		{768E7E60-CC19-45FF-B43F-338F6BA5BBC0}.ProfileRelease|x86.ActiveCfg = Release|Any CPU
		{768E7E60-CC19-45FF-B43F-338F6BA5BBC0}.ProfileRelease|x86.Build.0 = Release|Any CPU
		{768E7E60-CC19-45FF-B43F-338F6BA5BBC0}.Release|Any CPU.ActiveCfg = Release|Any CPU
		{768E7E60-CC19-45FF-B43F-338F6BA5BBC0}.Release|Any CPU.Build.0 = Release|Any CPU
		{768E7E60-CC19-45FF-B43F-338F6BA5BBC0}.Release|x64.ActiveCfg = Release|Any CPU
		{768E7E60-CC19-45FF-B43F-338F6BA5BBC0}.Release|x64.Build.0 = Release|Any CPU
		{768E7E60-CC19-45FF-B43F-338F6BA5BBC0}.Release|x86.ActiveCfg = Release|Any CPU
		{768E7E60-CC19-45FF-B43F-338F6BA5BBC0}.Release|x86.Build.0 = Release|Any CPU
		{5855D5EB-CC80-418A-A4B8-B00190487234}.Debug|Any CPU.ActiveCfg = Debug|Win32
		{5855D5EB-CC80-418A-A4B8-B00190487234}.Debug|Any CPU.Build.0 = Debug|Win32
		{5855D5EB-CC80-418A-A4B8-B00190487234}.Debug|x64.ActiveCfg = Debug|x64
		{5855D5EB-CC80-418A-A4B8-B00190487234}.Debug|x64.Build.0 = Debug|x64
		{5855D5EB-CC80-418A-A4B8-B00190487234}.Debug|x86.ActiveCfg = Debug|Win32
		{5855D5EB-CC80-418A-A4B8-B00190487234}.Debug|x86.Build.0 = Debug|Win32
		{5855D5EB-CC80-418A-A4B8-B00190487234}.ProfileRelease|Any CPU.ActiveCfg = Release|x64
		{5855D5EB-CC80-418A-A4B8-B00190487234}.ProfileRelease|Any CPU.Build.0 = Release|x64
		{5855D5EB-CC80-418A-A4B8-B00190487234}.ProfileRelease|x64.ActiveCfg = ProfileRelease|x64
		{5855D5EB-CC80-418A-A4B8-B00190487234}.ProfileRelease|x64.Build.0 = ProfileRelease|x64
		{5855D5EB-CC80-418A-A4B8-B00190487234}.ProfileRelease|x86.ActiveCfg = ProfileRelease|Win32
		{5855D5EB-CC80-418A-A4B8-B00190487234}.ProfileRelease|x86.Build.0 = ProfileRelease|Win32
		{5855D5EB-CC80-418A-A4B8-B00190487234}.Release|Any CPU.ActiveCfg = Release|Win32
		{5855D5EB-CC80-418A-A4B8-B00190487234}.Release|x64.ActiveCfg = Release|x64
		{5855D5EB-CC80-418A-A4B8-B00190487234}.Release|x64.Build.0 = Release|x64
		{5855D5EB-CC80-418A-A4B8-B00190487234}.Release|x86.ActiveCfg = Release|Win32
		{5855D5EB-CC80-418A-A4B8-B00190487234}.Release|x86.Build.0 = Release|Win32
	EndGlobalSection
	GlobalSection(SolutionProperties) = preSolution
		HideSolutionNode = FALSE
	EndGlobalSection
EndGlobal
